// !$*UTF8*$!
{
	archiveVersion = 1;
	classes = {
	};
	objectVersion = 46;
	objects = {

/* Begin PBXBuildFile section */
		0C68C142DDC24CA4B0A6D814 /* libPods.a in Frameworks */ = {isa = PBXBuildFile; fileRef = 43C87370CE9D4C93AABD4715 /* libPods.a */; };
		2D07E71919CD19AC00CD752D /* Foundation.framework in Frameworks */ = {isa = PBXBuildFile; fileRef = 2D07E71819CD19AC00CD752D /* Foundation.framework */; };
		2D07E71B19CD19AC00CD752D /* CoreGraphics.framework in Frameworks */ = {isa = PBXBuildFile; fileRef = 2D07E71A19CD19AC00CD752D /* CoreGraphics.framework */; };
		2D07E71D19CD19AC00CD752D /* UIKit.framework in Frameworks */ = {isa = PBXBuildFile; fileRef = 2D07E71C19CD19AC00CD752D /* UIKit.framework */; };
		2D07E72319CD19AC00CD752D /* InfoPlist.strings in Resources */ = {isa = PBXBuildFile; fileRef = 2D07E72119CD19AC00CD752D /* InfoPlist.strings */; };
		2D07E72519CD19AC00CD752D /* main.m in Sources */ = {isa = PBXBuildFile; fileRef = 2D07E72419CD19AC00CD752D /* main.m */; };
		2D07E72919CD19AC00CD752D /* com_yahoo_ofaAppDelegate.m in Sources */ = {isa = PBXBuildFile; fileRef = 2D07E72819CD19AC00CD752D /* com_yahoo_ofaAppDelegate.m */; };
		2D07E72B19CD19AC00CD752D /* Images.xcassets in Resources */ = {isa = PBXBuildFile; fileRef = 2D07E72A19CD19AC00CD752D /* Images.xcassets */; };
		2D07E73219CD19AC00CD752D /* XCTest.framework in Frameworks */ = {isa = PBXBuildFile; fileRef = 2D07E73119CD19AC00CD752D /* XCTest.framework */; };
		2D07E73319CD19AC00CD752D /* Foundation.framework in Frameworks */ = {isa = PBXBuildFile; fileRef = 2D07E71819CD19AC00CD752D /* Foundation.framework */; };
		2D07E73419CD19AC00CD752D /* UIKit.framework in Frameworks */ = {isa = PBXBuildFile; fileRef = 2D07E71C19CD19AC00CD752D /* UIKit.framework */; };
		2D07E73C19CD19AC00CD752D /* InfoPlist.strings in Resources */ = {isa = PBXBuildFile; fileRef = 2D07E73A19CD19AC00CD752D /* InfoPlist.strings */; };
		2D07E73E19CD19AC00CD752D /* YelpAppTests.m in Sources */ = {isa = PBXBuildFile; fileRef = 2D07E73D19CD19AC00CD752D /* YelpAppTests.m */; };
		2D07E75E19CD4A7700CD752D /* MainTableViewController.m in Sources */ = {isa = PBXBuildFile; fileRef = 2D07E75C19CD4A7700CD752D /* MainTableViewController.m */; };
		2D07E75F19CD4A7700CD752D /* MainTableViewController.xib in Resources */ = {isa = PBXBuildFile; fileRef = 2D07E75D19CD4A7700CD752D /* MainTableViewController.xib */; };
		2D07E76319CDEC1A00CD752D /* SearchResultTableViewCell.m in Sources */ = {isa = PBXBuildFile; fileRef = 2D07E76119CDEC1A00CD752D /* SearchResultTableViewCell.m */; };
		2D07E76419CDEC1A00CD752D /* SearchResultTableViewCell.xib in Resources */ = {isa = PBXBuildFile; fileRef = 2D07E76219CDEC1A00CD752D /* SearchResultTableViewCell.xib */; };
		2D382CEE19CE10A3009E05D7 /* YelpClient.m in Sources */ = {isa = PBXBuildFile; fileRef = 2D382CED19CE10A3009E05D7 /* YelpClient.m */; };
		2DA5D13419CFD4DF00C565FE /* FilterTableViewController.m in Sources */ = {isa = PBXBuildFile; fileRef = 2DA5D13219CFD4DF00C565FE /* FilterTableViewController.m */; };
		2DA5D13519CFD4DF00C565FE /* FilterTableViewController.xib in Resources */ = {isa = PBXBuildFile; fileRef = 2DA5D13319CFD4DF00C565FE /* FilterTableViewController.xib */; };
		2DA5D13A19CFE09D00C565FE /* FilterTableViewCell.m in Sources */ = {isa = PBXBuildFile; fileRef = 2DA5D13819CFE09D00C565FE /* FilterTableViewCell.m */; };
		2DA5D13B19CFE09D00C565FE /* FilterTableViewCell.xib in Resources */ = {isa = PBXBuildFile; fileRef = 2DA5D13919CFE09D00C565FE /* FilterTableViewCell.xib */; };
		2DA5D13F19CFE0B100C565FE /* SeeAllTableViewCell.m in Sources */ = {isa = PBXBuildFile; fileRef = 2DA5D13D19CFE0B100C565FE /* SeeAllTableViewCell.m */; };
		2DA5D14019CFE0B100C565FE /* SeeAllTableViewCell.xib in Resources */ = {isa = PBXBuildFile; fileRef = 2DA5D13E19CFE0B100C565FE /* SeeAllTableViewCell.xib */; };
/* End PBXBuildFile section */

/* Begin PBXContainerItemProxy section */
		2D07E73519CD19AC00CD752D /* PBXContainerItemProxy */ = {
			isa = PBXContainerItemProxy;
			containerPortal = 2D07E70D19CD19AC00CD752D /* Project object */;
			proxyType = 1;
			remoteGlobalIDString = 2D07E71419CD19AC00CD752D;
			remoteInfo = YelpApp;
		};
/* End PBXContainerItemProxy section */

/* Begin PBXFileReference section */
		2D07E71519CD19AC00CD752D /* YelpApp.app */ = {isa = PBXFileReference; explicitFileType = wrapper.application; includeInIndex = 0; path = YelpApp.app; sourceTree = BUILT_PRODUCTS_DIR; };
		2D07E71819CD19AC00CD752D /* Foundation.framework */ = {isa = PBXFileReference; lastKnownFileType = wrapper.framework; name = Foundation.framework; path = System/Library/Frameworks/Foundation.framework; sourceTree = SDKROOT; };
		2D07E71A19CD19AC00CD752D /* CoreGraphics.framework */ = {isa = PBXFileReference; lastKnownFileType = wrapper.framework; name = CoreGraphics.framework; path = System/Library/Frameworks/CoreGraphics.framework; sourceTree = SDKROOT; };
		2D07E71C19CD19AC00CD752D /* UIKit.framework */ = {isa = PBXFileReference; lastKnownFileType = wrapper.framework; name = UIKit.framework; path = System/Library/Frameworks/UIKit.framework; sourceTree = SDKROOT; };
		2D07E72019CD19AC00CD752D /* YelpApp-Info.plist */ = {isa = PBXFileReference; lastKnownFileType = text.plist.xml; path = "YelpApp-Info.plist"; sourceTree = "<group>"; };
		2D07E72219CD19AC00CD752D /* en */ = {isa = PBXFileReference; lastKnownFileType = text.plist.strings; name = en; path = en.lproj/InfoPlist.strings; sourceTree = "<group>"; };
		2D07E72419CD19AC00CD752D /* main.m */ = {isa = PBXFileReference; lastKnownFileType = sourcecode.c.objc; path = main.m; sourceTree = "<group>"; };
		2D07E72619CD19AC00CD752D /* YelpApp-Prefix.pch */ = {isa = PBXFileReference; lastKnownFileType = sourcecode.c.h; path = "YelpApp-Prefix.pch"; sourceTree = "<group>"; };
		2D07E72719CD19AC00CD752D /* com_yahoo_ofaAppDelegate.h */ = {isa = PBXFileReference; lastKnownFileType = sourcecode.c.h; path = com_yahoo_ofaAppDelegate.h; sourceTree = "<group>"; };
		2D07E72819CD19AC00CD752D /* com_yahoo_ofaAppDelegate.m */ = {isa = PBXFileReference; lastKnownFileType = sourcecode.c.objc; path = com_yahoo_ofaAppDelegate.m; sourceTree = "<group>"; };
		2D07E72A19CD19AC00CD752D /* Images.xcassets */ = {isa = PBXFileReference; lastKnownFileType = folder.assetcatalog; path = Images.xcassets; sourceTree = "<group>"; };
		2D07E73019CD19AC00CD752D /* YelpAppTests.xctest */ = {isa = PBXFileReference; explicitFileType = wrapper.cfbundle; includeInIndex = 0; path = YelpAppTests.xctest; sourceTree = BUILT_PRODUCTS_DIR; };
		2D07E73119CD19AC00CD752D /* XCTest.framework */ = {isa = PBXFileReference; lastKnownFileType = wrapper.framework; name = XCTest.framework; path = Library/Frameworks/XCTest.framework; sourceTree = DEVELOPER_DIR; };
		2D07E73919CD19AC00CD752D /* YelpAppTests-Info.plist */ = {isa = PBXFileReference; lastKnownFileType = text.plist.xml; path = "YelpAppTests-Info.plist"; sourceTree = "<group>"; };
		2D07E73B19CD19AC00CD752D /* en */ = {isa = PBXFileReference; lastKnownFileType = text.plist.strings; name = en; path = en.lproj/InfoPlist.strings; sourceTree = "<group>"; };
		2D07E73D19CD19AC00CD752D /* YelpAppTests.m */ = {isa = PBXFileReference; lastKnownFileType = sourcecode.c.objc; path = YelpAppTests.m; sourceTree = "<group>"; };
		2D07E75B19CD4A7700CD752D /* MainTableViewController.h */ = {isa = PBXFileReference; fileEncoding = 4; lastKnownFileType = sourcecode.c.h; path = MainTableViewController.h; sourceTree = "<group>"; };
		2D07E75C19CD4A7700CD752D /* MainTableViewController.m */ = {isa = PBXFileReference; fileEncoding = 4; lastKnownFileType = sourcecode.c.objc; path = MainTableViewController.m; sourceTree = "<group>"; };
		2D07E75D19CD4A7700CD752D /* MainTableViewController.xib */ = {isa = PBXFileReference; fileEncoding = 4; lastKnownFileType = file.xib; path = MainTableViewController.xib; sourceTree = "<group>"; };
		2D07E76019CDEC1A00CD752D /* SearchResultTableViewCell.h */ = {isa = PBXFileReference; fileEncoding = 4; lastKnownFileType = sourcecode.c.h; path = SearchResultTableViewCell.h; sourceTree = "<group>"; };
		2D07E76119CDEC1A00CD752D /* SearchResultTableViewCell.m */ = {isa = PBXFileReference; fileEncoding = 4; lastKnownFileType = sourcecode.c.objc; path = SearchResultTableViewCell.m; sourceTree = "<group>"; };
		2D07E76219CDEC1A00CD752D /* SearchResultTableViewCell.xib */ = {isa = PBXFileReference; fileEncoding = 4; lastKnownFileType = file.xib; path = SearchResultTableViewCell.xib; sourceTree = "<group>"; };
		2D382CEC19CE10A3009E05D7 /* YelpClient.h */ = {isa = PBXFileReference; fileEncoding = 4; lastKnownFileType = sourcecode.c.h; path = YelpClient.h; sourceTree = "<group>"; };
		2D382CED19CE10A3009E05D7 /* YelpClient.m */ = {isa = PBXFileReference; fileEncoding = 4; lastKnownFileType = sourcecode.c.objc; path = YelpClient.m; sourceTree = "<group>"; };
		2DA5D13119CFD4DF00C565FE /* FilterTableViewController.h */ = {isa = PBXFileReference; fileEncoding = 4; lastKnownFileType = sourcecode.c.h; path = FilterTableViewController.h; sourceTree = "<group>"; };
		2DA5D13219CFD4DF00C565FE /* FilterTableViewController.m */ = {isa = PBXFileReference; fileEncoding = 4; lastKnownFileType = sourcecode.c.objc; path = FilterTableViewController.m; sourceTree = "<group>"; };
		2DA5D13319CFD4DF00C565FE /* FilterTableViewController.xib */ = {isa = PBXFileReference; fileEncoding = 4; lastKnownFileType = file.xib; path = FilterTableViewController.xib; sourceTree = "<group>"; };
		2DA5D13719CFE09D00C565FE /* FilterTableViewCell.h */ = {isa = PBXFileReference; fileEncoding = 4; lastKnownFileType = sourcecode.c.h; path = FilterTableViewCell.h; sourceTree = "<group>"; };
		2DA5D13819CFE09D00C565FE /* FilterTableViewCell.m */ = {isa = PBXFileReference; fileEncoding = 4; lastKnownFileType = sourcecode.c.objc; path = FilterTableViewCell.m; sourceTree = "<group>"; };
		2DA5D13919CFE09D00C565FE /* FilterTableViewCell.xib */ = {isa = PBXFileReference; fileEncoding = 4; lastKnownFileType = file.xib; path = FilterTableViewCell.xib; sourceTree = "<group>"; };
		2DA5D13C19CFE0B100C565FE /* SeeAllTableViewCell.h */ = {isa = PBXFileReference; fileEncoding = 4; lastKnownFileType = sourcecode.c.h; path = SeeAllTableViewCell.h; sourceTree = "<group>"; };
		2DA5D13D19CFE0B100C565FE /* SeeAllTableViewCell.m */ = {isa = PBXFileReference; fileEncoding = 4; lastKnownFileType = sourcecode.c.objc; path = SeeAllTableViewCell.m; sourceTree = "<group>"; };
		2DA5D13E19CFE0B100C565FE /* SeeAllTableViewCell.xib */ = {isa = PBXFileReference; fileEncoding = 4; lastKnownFileType = file.xib; path = SeeAllTableViewCell.xib; sourceTree = "<group>"; };
		43C87370CE9D4C93AABD4715 /* libPods.a */ = {isa = PBXFileReference; explicitFileType = archive.ar; includeInIndex = 0; path = libPods.a; sourceTree = BUILT_PRODUCTS_DIR; };
		8847DCF8DF33490AA9332C9C /* Pods.xcconfig */ = {isa = PBXFileReference; includeInIndex = 1; lastKnownFileType = text.xcconfig; name = Pods.xcconfig; path = Pods/Pods.xcconfig; sourceTree = "<group>"; };
/* End PBXFileReference section */

/* Begin PBXFrameworksBuildPhase section */
		2D07E71219CD19AC00CD752D /* Frameworks */ = {
			isa = PBXFrameworksBuildPhase;
			buildActionMask = 2147483647;
			files = (
				2D07E71B19CD19AC00CD752D /* CoreGraphics.framework in Frameworks */,
				2D07E71D19CD19AC00CD752D /* UIKit.framework in Frameworks */,
				2D07E71919CD19AC00CD752D /* Foundation.framework in Frameworks */,
				0C68C142DDC24CA4B0A6D814 /* libPods.a in Frameworks */,
			);
			runOnlyForDeploymentPostprocessing = 0;
		};
		2D07E72D19CD19AC00CD752D /* Frameworks */ = {
			isa = PBXFrameworksBuildPhase;
			buildActionMask = 2147483647;
			files = (
				2D07E73219CD19AC00CD752D /* XCTest.framework in Frameworks */,
				2D07E73419CD19AC00CD752D /* UIKit.framework in Frameworks */,
				2D07E73319CD19AC00CD752D /* Foundation.framework in Frameworks */,
			);
			runOnlyForDeploymentPostprocessing = 0;
		};
/* End PBXFrameworksBuildPhase section */

/* Begin PBXGroup section */
		2D07E70C19CD19AC00CD752D = {
			isa = PBXGroup;
			children = (
				2DA5D13619CFD4E700C565FE /* FilterTable */,
				2D382CEB19CE106D009E05D7 /* ResultCell */,
				2D382CEA19CE1053009E05D7 /* MainTable */,
				2D382CE919CE103E009E05D7 /* API */,
				2D07E71E19CD19AC00CD752D /* YelpApp */,
				2D07E73719CD19AC00CD752D /* YelpAppTests */,
				2D07E71719CD19AC00CD752D /* Frameworks */,
				2D07E71619CD19AC00CD752D /* Products */,
				8847DCF8DF33490AA9332C9C /* Pods.xcconfig */,
			);
			sourceTree = "<group>";
		};
		2D07E71619CD19AC00CD752D /* Products */ = {
			isa = PBXGroup;
			children = (
				2D07E71519CD19AC00CD752D /* YelpApp.app */,
				2D07E73019CD19AC00CD752D /* YelpAppTests.xctest */,
			);
			name = Products;
			sourceTree = "<group>";
		};
		2D07E71719CD19AC00CD752D /* Frameworks */ = {
			isa = PBXGroup;
			children = (
				2D07E71819CD19AC00CD752D /* Foundation.framework */,
				2D07E71A19CD19AC00CD752D /* CoreGraphics.framework */,
				2D07E71C19CD19AC00CD752D /* UIKit.framework */,
				2D07E73119CD19AC00CD752D /* XCTest.framework */,
				43C87370CE9D4C93AABD4715 /* libPods.a */,
			);
			name = Frameworks;
			sourceTree = "<group>";
		};
		2D07E71E19CD19AC00CD752D /* YelpApp */ = {
			isa = PBXGroup;
			children = (
				2D07E72719CD19AC00CD752D /* com_yahoo_ofaAppDelegate.h */,
				2D07E72819CD19AC00CD752D /* com_yahoo_ofaAppDelegate.m */,
				2D07E72A19CD19AC00CD752D /* Images.xcassets */,
				2D07E71F19CD19AC00CD752D /* Supporting Files */,
			);
			path = YelpApp;
			sourceTree = "<group>";
		};
		2D07E71F19CD19AC00CD752D /* Supporting Files */ = {
			isa = PBXGroup;
			children = (
				2D07E72019CD19AC00CD752D /* YelpApp-Info.plist */,
				2D07E72119CD19AC00CD752D /* InfoPlist.strings */,
				2D07E72419CD19AC00CD752D /* main.m */,
				2D07E72619CD19AC00CD752D /* YelpApp-Prefix.pch */,
			);
			name = "Supporting Files";
			sourceTree = "<group>";
		};
		2D07E73719CD19AC00CD752D /* YelpAppTests */ = {
			isa = PBXGroup;
			children = (
				2D07E73D19CD19AC00CD752D /* YelpAppTests.m */,
				2D07E73819CD19AC00CD752D /* Supporting Files */,
			);
			path = YelpAppTests;
			sourceTree = "<group>";
		};
		2D07E73819CD19AC00CD752D /* Supporting Files */ = {
			isa = PBXGroup;
			children = (
				2D07E73919CD19AC00CD752D /* YelpAppTests-Info.plist */,
				2D07E73A19CD19AC00CD752D /* InfoPlist.strings */,
			);
			name = "Supporting Files";
			sourceTree = "<group>";
		};
		2D382CE919CE103E009E05D7 /* API */ = {
			isa = PBXGroup;
			children = (
				2D382CEC19CE10A3009E05D7 /* YelpClient.h */,
				2D382CED19CE10A3009E05D7 /* YelpClient.m */,
			);
			name = API;
			sourceTree = "<group>";
		};
		2D382CEA19CE1053009E05D7 /* MainTable */ = {
			isa = PBXGroup;
			children = (
				2D07E75B19CD4A7700CD752D /* MainTableViewController.h */,
				2D07E75D19CD4A7700CD752D /* MainTableViewController.xib */,
				2D07E75C19CD4A7700CD752D /* MainTableViewController.m */,
			);
			name = MainTable;
			sourceTree = "<group>";
		};
		2D382CEB19CE106D009E05D7 /* ResultCell */ = {
			isa = PBXGroup;
			children = (
				2D07E76019CDEC1A00CD752D /* SearchResultTableViewCell.h */,
				2D07E76119CDEC1A00CD752D /* SearchResultTableViewCell.m */,
				2D07E76219CDEC1A00CD752D /* SearchResultTableViewCell.xib */,
			);
			name = ResultCell;
			sourceTree = "<group>";
		};
		2DA5D13619CFD4E700C565FE /* FilterTable */ = {
			isa = PBXGroup;
			children = (
				2DA5D13119CFD4DF00C565FE /* FilterTableViewController.h */,
				2DA5D13219CFD4DF00C565FE /* FilterTableViewController.m */,
				2DA5D13719CFE09D00C565FE /* FilterTableViewCell.h */,
				2DA5D13819CFE09D00C565FE /* FilterTableViewCell.m */,
				2DA5D13919CFE09D00C565FE /* FilterTableViewCell.xib */,
				2DA5D13C19CFE0B100C565FE /* SeeAllTableViewCell.h */,
				2DA5D13D19CFE0B100C565FE /* SeeAllTableViewCell.m */,
				2DA5D13E19CFE0B100C565FE /* SeeAllTableViewCell.xib */,
				2DA5D13319CFD4DF00C565FE /* FilterTableViewController.xib */,
			);
			name = FilterTable;
			sourceTree = "<group>";
		};
/* End PBXGroup section */

/* Begin PBXNativeTarget section */
		2D07E71419CD19AC00CD752D /* YelpApp */ = {
			isa = PBXNativeTarget;
			buildConfigurationList = 2D07E74119CD19AC00CD752D /* Build configuration list for PBXNativeTarget "YelpApp" */;
			buildPhases = (
				CB68E2AFB688419B90BF6378 /* Check Pods Manifest.lock */,
				2D07E71119CD19AC00CD752D /* Sources */,
				2D07E71219CD19AC00CD752D /* Frameworks */,
				2D07E71319CD19AC00CD752D /* Resources */,
				D5E2FAF727EB471581D512CF /* Copy Pods Resources */,
			);
			buildRules = (
			);
			dependencies = (
			);
			name = YelpApp;
			productName = YelpApp;
			productReference = 2D07E71519CD19AC00CD752D /* YelpApp.app */;
			productType = "com.apple.product-type.application";
		};
		2D07E72F19CD19AC00CD752D /* YelpAppTests */ = {
			isa = PBXNativeTarget;
			buildConfigurationList = 2D07E74419CD19AC00CD752D /* Build configuration list for PBXNativeTarget "YelpAppTests" */;
			buildPhases = (
				2D07E72C19CD19AC00CD752D /* Sources */,
				2D07E72D19CD19AC00CD752D /* Frameworks */,
				2D07E72E19CD19AC00CD752D /* Resources */,
			);
			buildRules = (
			);
			dependencies = (
				2D07E73619CD19AC00CD752D /* PBXTargetDependency */,
			);
			name = YelpAppTests;
			productName = YelpAppTests;
			productReference = 2D07E73019CD19AC00CD752D /* YelpAppTests.xctest */;
			productType = "com.apple.product-type.bundle.unit-test";
		};
/* End PBXNativeTarget section */

/* Begin PBXProject section */
		2D07E70D19CD19AC00CD752D /* Project object */ = {
			isa = PBXProject;
			attributes = {
				CLASSPREFIX = com.yahoo.ofa;
				LastUpgradeCheck = 0510;
				ORGANIZATIONNAME = "Y.CORP.YAHOO.COM\\bal";
				TargetAttributes = {
					2D07E72F19CD19AC00CD752D = {
						TestTargetID = 2D07E71419CD19AC00CD752D;
					};
				};
			};
			buildConfigurationList = 2D07E71019CD19AC00CD752D /* Build configuration list for PBXProject "YelpApp" */;
			compatibilityVersion = "Xcode 3.2";
			developmentRegion = English;
			hasScannedForEncodings = 0;
			knownRegions = (
				en,
			);
			mainGroup = 2D07E70C19CD19AC00CD752D;
			productRefGroup = 2D07E71619CD19AC00CD752D /* Products */;
			projectDirPath = "";
			projectRoot = "";
			targets = (
				2D07E71419CD19AC00CD752D /* YelpApp */,
				2D07E72F19CD19AC00CD752D /* YelpAppTests */,
			);
		};
/* End PBXProject section */

/* Begin PBXResourcesBuildPhase section */
		2D07E71319CD19AC00CD752D /* Resources */ = {
			isa = PBXResourcesBuildPhase;
			buildActionMask = 2147483647;
			files = (
				2DA5D14019CFE0B100C565FE /* SeeAllTableViewCell.xib in Resources */,
				2D07E72319CD19AC00CD752D /* InfoPlist.strings in Resources */,
				2DA5D13B19CFE09D00C565FE /* FilterTableViewCell.xib in Resources */,
				2D07E75F19CD4A7700CD752D /* MainTableViewController.xib in Resources */,
				2D07E76419CDEC1A00CD752D /* SearchResultTableViewCell.xib in Resources */,
				2DA5D13519CFD4DF00C565FE /* FilterTableViewController.xib in Resources */,
				2D07E72B19CD19AC00CD752D /* Images.xcassets in Resources */,
			);
			runOnlyForDeploymentPostprocessing = 0;
		};
		2D07E72E19CD19AC00CD752D /* Resources */ = {
			isa = PBXResourcesBuildPhase;
			buildActionMask = 2147483647;
			files = (
				2D07E73C19CD19AC00CD752D /* InfoPlist.strings in Resources */,
			);
			runOnlyForDeploymentPostprocessing = 0;
		};
/* End PBXResourcesBuildPhase section */

/* Begin PBXShellScriptBuildPhase section */
		CB68E2AFB688419B90BF6378 /* Check Pods Manifest.lock */ = {
			isa = PBXShellScriptBuildPhase;
			buildActionMask = 2147483647;
			files = (
			);
			inputPaths = (
			);
			name = "Check Pods Manifest.lock";
			outputPaths = (
			);
			runOnlyForDeploymentPostprocessing = 0;
			shellPath = /bin/sh;
			shellScript = "diff \"${PODS_ROOT}/../Podfile.lock\" \"${PODS_ROOT}/Manifest.lock\" > /dev/null\nif [[ $? != 0 ]] ; then\n    cat << EOM\nerror: The sandbox is not in sync with the Podfile.lock. Run 'pod install' or update your CocoaPods installation.\nEOM\n    exit 1\nfi\n";
			showEnvVarsInLog = 0;
		};
		D5E2FAF727EB471581D512CF /* Copy Pods Resources */ = {
			isa = PBXShellScriptBuildPhase;
			buildActionMask = 2147483647;
			files = (
			);
			inputPaths = (
			);
			name = "Copy Pods Resources";
			outputPaths = (
			);
			runOnlyForDeploymentPostprocessing = 0;
			shellPath = /bin/sh;
			shellScript = "\"${SRCROOT}/Pods/Pods-resources.sh\"\n";
			showEnvVarsInLog = 0;
		};
/* End PBXShellScriptBuildPhase section */

/* Begin PBXSourcesBuildPhase section */
		2D07E71119CD19AC00CD752D /* Sources */ = {
			isa = PBXSourcesBuildPhase;
			buildActionMask = 2147483647;
			files = (
				2D07E72919CD19AC00CD752D /* com_yahoo_ofaAppDelegate.m in Sources */,
				2DA5D13F19CFE0B100C565FE /* SeeAllTableViewCell.m in Sources */,
				2DA5D13A19CFE09D00C565FE /* FilterTableViewCell.m in Sources */,
				2D07E72519CD19AC00CD752D /* main.m in Sources */,
				2DA5D13419CFD4DF00C565FE /* FilterTableViewController.m in Sources */,
				2D07E76319CDEC1A00CD752D /* SearchResultTableViewCell.m in Sources */,
				2D382CEE19CE10A3009E05D7 /* YelpClient.m in Sources */,
				2D07E75E19CD4A7700CD752D /* MainTableViewController.m in Sources */,
			);
			runOnlyForDeploymentPostprocessing = 0;
		};
		2D07E72C19CD19AC00CD752D /* Sources */ = {
			isa = PBXSourcesBuildPhase;
			buildActionMask = 2147483647;
			files = (
				2D07E73E19CD19AC00CD752D /* YelpAppTests.m in Sources */,
			);
			runOnlyForDeploymentPostprocessing = 0;
		};
/* End PBXSourcesBuildPhase section */

/* Begin PBXTargetDependency section */
		2D07E73619CD19AC00CD752D /* PBXTargetDependency */ = {
			isa = PBXTargetDependency;
			target = 2D07E71419CD19AC00CD752D /* YelpApp */;
			targetProxy = 2D07E73519CD19AC00CD752D /* PBXContainerItemProxy */;
		};
/* End PBXTargetDependency section */

/* Begin PBXVariantGroup section */
		2D07E72119CD19AC00CD752D /* InfoPlist.strings */ = {
			isa = PBXVariantGroup;
			children = (
				2D07E72219CD19AC00CD752D /* en */,
			);
			name = InfoPlist.strings;
			sourceTree = "<group>";
		};
		2D07E73A19CD19AC00CD752D /* InfoPlist.strings */ = {
			isa = PBXVariantGroup;
			children = (
				2D07E73B19CD19AC00CD752D /* en */,
			);
			name = InfoPlist.strings;
			sourceTree = "<group>";
		};
/* End PBXVariantGroup section */

/* Begin XCBuildConfiguration section */
		2D07E73F19CD19AC00CD752D /* Debug */ = {
			isa = XCBuildConfiguration;
			buildSettings = {
				ALWAYS_SEARCH_USER_PATHS = NO;
				CLANG_CXX_LANGUAGE_STANDARD = "gnu++0x";
				CLANG_CXX_LIBRARY = "libc++";
				CLANG_ENABLE_MODULES = YES;
				CLANG_ENABLE_OBJC_ARC = YES;
				CLANG_WARN_BOOL_CONVERSION = YES;
				CLANG_WARN_CONSTANT_CONVERSION = YES;
				CLANG_WARN_DIRECT_OBJC_ISA_USAGE = YES_ERROR;
				CLANG_WARN_EMPTY_BODY = YES;
				CLANG_WARN_ENUM_CONVERSION = YES;
				CLANG_WARN_INT_CONVERSION = YES;
				CLANG_WARN_OBJC_ROOT_CLASS = YES_ERROR;
				CLANG_WARN__DUPLICATE_METHOD_MATCH = YES;
				"CODE_SIGN_IDENTITY[sdk=iphoneos*]" = "iPhone Developer";
				COPY_PHASE_STRIP = NO;
				GCC_C_LANGUAGE_STANDARD = gnu99;
				GCC_DYNAMIC_NO_PIC = NO;
				GCC_OPTIMIZATION_LEVEL = 0;
				GCC_PREPROCESSOR_DEFINITIONS = (
					"DEBUG=1",
					"$(inherited)",
				);
				GCC_SYMBOLS_PRIVATE_EXTERN = NO;
				GCC_WARN_64_TO_32_BIT_CONVERSION = YES;
				GCC_WARN_ABOUT_RETURN_TYPE = YES_ERROR;
				GCC_WARN_UNDECLARED_SELECTOR = YES;
				GCC_WARN_UNINITIALIZED_AUTOS = YES_AGGRESSIVE;
				GCC_WARN_UNUSED_FUNCTION = YES;
				GCC_WARN_UNUSED_VARIABLE = YES;
				IPHONEOS_DEPLOYMENT_TARGET = 7.1;
				ONLY_ACTIVE_ARCH = YES;
				SDKROOT = iphoneos;
			};
			name = Debug;
		};
		2D07E74019CD19AC00CD752D /* Release */ = {
			isa = XCBuildConfiguration;
			buildSettings = {
				ALWAYS_SEARCH_USER_PATHS = NO;
				CLANG_CXX_LANGUAGE_STANDARD = "gnu++0x";
				CLANG_CXX_LIBRARY = "libc++";
				CLANG_ENABLE_MODULES = YES;
				CLANG_ENABLE_OBJC_ARC = YES;
				CLANG_WARN_BOOL_CONVERSION = YES;
				CLANG_WARN_CONSTANT_CONVERSION = YES;
				CLANG_WARN_DIRECT_OBJC_ISA_USAGE = YES_ERROR;
				CLANG_WARN_EMPTY_BODY = YES;
				CLANG_WARN_ENUM_CONVERSION = YES;
				CLANG_WARN_INT_CONVERSION = YES;
				CLANG_WARN_OBJC_ROOT_CLASS = YES_ERROR;
				CLANG_WARN__DUPLICATE_METHOD_MATCH = YES;
				"CODE_SIGN_IDENTITY[sdk=iphoneos*]" = "iPhone Developer";
				COPY_PHASE_STRIP = YES;
				ENABLE_NS_ASSERTIONS = NO;
				GCC_C_LANGUAGE_STANDARD = gnu99;
				GCC_WARN_64_TO_32_BIT_CONVERSION = YES;
				GCC_WARN_ABOUT_RETURN_TYPE = YES_ERROR;
				GCC_WARN_UNDECLARED_SELECTOR = YES;
				GCC_WARN_UNINITIALIZED_AUTOS = YES_AGGRESSIVE;
				GCC_WARN_UNUSED_FUNCTION = YES;
				GCC_WARN_UNUSED_VARIABLE = YES;
				IPHONEOS_DEPLOYMENT_TARGET = 7.1;
				SDKROOT = iphoneos;
				VALIDATE_PRODUCT = YES;
			};
			name = Release;
		};
		2D07E74219CD19AC00CD752D /* Debug */ = {
			isa = XCBuildConfiguration;
			baseConfigurationReference = 8847DCF8DF33490AA9332C9C /* Pods.xcconfig */;
			buildSettings = {
				ASSETCATALOG_COMPILER_APPICON_NAME = AppIcon;
				ASSETCATALOG_COMPILER_LAUNCHIMAGE_NAME = LaunchImage;
				GCC_PRECOMPILE_PREFIX_HEADER = YES;
				GCC_PREFIX_HEADER = "YelpApp/YelpApp-Prefix.pch";
				INFOPLIST_FILE = "YelpApp/YelpApp-Info.plist";
				PRODUCT_NAME = "$(TARGET_NAME)";
				WRAPPER_EXTENSION = app;
			};
			name = Debug;
		};
		2D07E74319CD19AC00CD752D /* Release */ = {
			isa = XCBuildConfiguration;
			baseConfigurationReference = 8847DCF8DF33490AA9332C9C /* Pods.xcconfig */;
			buildSettings = {
				ASSETCATALOG_COMPILER_APPICON_NAME = AppIcon;
				ASSETCATALOG_COMPILER_LAUNCHIMAGE_NAME = LaunchImage;
				GCC_PRECOMPILE_PREFIX_HEADER = YES;
				GCC_PREFIX_HEADER = "YelpApp/YelpApp-Prefix.pch";
				INFOPLIST_FILE = "YelpApp/YelpApp-Info.plist";
				PRODUCT_NAME = "$(TARGET_NAME)";
				WRAPPER_EXTENSION = app;
			};
			name = Release;
		};
		2D07E74519CD19AC00CD752D /* Debug */ = {
			isa = XCBuildConfiguration;
			buildSettings = {
				BUNDLE_LOADER = "$(BUILT_PRODUCTS_DIR)/YelpApp.app/YelpApp";
				FRAMEWORK_SEARCH_PATHS = (
					"$(SDKROOT)/Developer/Library/Frameworks",
					"$(inherited)",
					"$(DEVELOPER_FRAMEWORKS_DIR)",
				);
				GCC_PRECOMPILE_PREFIX_HEADER = YES;
				GCC_PREFIX_HEADER = "YelpApp/YelpApp-Prefix.pch";
				GCC_PREPROCESSOR_DEFINITIONS = (
					"DEBUG=1",
					"$(inherited)",
				);
				INFOPLIST_FILE = "YelpAppTests/YelpAppTests-Info.plist";
				PRODUCT_NAME = "$(TARGET_NAME)";
				TEST_HOST = "$(BUNDLE_LOADER)";
				WRAPPER_EXTENSION = xctest;
			};
			name = Debug;
		};
		2D07E74619CD19AC00CD752D /* Release */ = {
			isa = XCBuildConfiguration;
			buildSettings = {
				BUNDLE_LOADER = "$(BUILT_PRODUCTS_DIR)/YelpApp.app/YelpApp";
				FRAMEWORK_SEARCH_PATHS = (
					"$(SDKROOT)/Developer/Library/Frameworks",
					"$(inherited)",
					"$(DEVELOPER_FRAMEWORKS_DIR)",
				);
				GCC_PRECOMPILE_PREFIX_HEADER = YES;
				GCC_PREFIX_HEADER = "YelpApp/YelpApp-Prefix.pch";
				INFOPLIST_FILE = "YelpAppTests/YelpAppTests-Info.plist";
				PRODUCT_NAME = "$(TARGET_NAME)";
				TEST_HOST = "$(BUNDLE_LOADER)";
				WRAPPER_EXTENSION = xctest;
			};
			name = Release;
		};
/* End XCBuildConfiguration section */

/* Begin XCConfigurationList section */
		2D07E71019CD19AC00CD752D /* Build configuration list for PBXProject "YelpApp" */ = {
			isa = XCConfigurationList;
			buildConfigurations = (
				2D07E73F19CD19AC00CD752D /* Debug */,
				2D07E74019CD19AC00CD752D /* Release */,
			);
			defaultConfigurationIsVisible = 0;
			defaultConfigurationName = Release;
		};
		2D07E74119CD19AC00CD752D /* Build configuration list for PBXNativeTarget "YelpApp" */ = {
			isa = XCConfigurationList;
			buildConfigurations = (
				2D07E74219CD19AC00CD752D /* Debug */,
				2D07E74319CD19AC00CD752D /* Release */,
			);
			defaultConfigurationIsVisible = 0;
			defaultConfigurationName = Release;
		};
		2D07E74419CD19AC00CD752D /* Build configuration list for PBXNativeTarget "YelpAppTests" */ = {
			isa = XCConfigurationList;
			buildConfigurations = (
				2D07E74519CD19AC00CD752D /* Debug */,
				2D07E74619CD19AC00CD752D /* Release */,
			);
			defaultConfigurationIsVisible = 0;
			defaultConfigurationName = Release;
		};
/* End XCConfigurationList section */
	};
	rootObject = 2D07E70D19CD19AC00CD752D /* Project object */;
}
